
Microsoft Visual Studio Solution File, Format Version 12.00
# Visual Studio 14
VisualStudioVersion = 14.0.25420.1
MinimumVisualStudioVersion = 10.0.40219.1
Project("{FAE04EC0-301F-11D3-BF4B-00C04F79EFBC}") = "01. Centuries to Minutes", "01. Centuries to Minutes\01. Centuries to Minutes.csproj", "{2405E1DE-BE6B-4D07-A6E1-416FF092EC86}"
EndProject
Project("{FAE04EC0-301F-11D3-BF4B-00C04F79EFBC}") = "02. Circle Area (Precision 12)", "02. Circle Area (Precision 12)\02. Circle Area (Precision 12).csproj", "{058F4260-6572-4F46-A77E-5C679650522B}"
EndProject
Project("{FAE04EC0-301F-11D3-BF4B-00C04F79EFBC}") = "03. Exact Sum of Real Numbers", "03. Exact Sum of Real Numbers\03. Exact Sum of Real Numbers.csproj", "{709FC768-8439-4589-AA13-9F77E79A53AB}"
EndProject
Project("{FAE04EC0-301F-11D3-BF4B-00C04F79EFBC}") = "04. Elevator", "04. Elevator\04. Elevator.csproj", "{5E5423E1-1E28-4EF7-A6CC-5EF443A003A0}"
EndProject
Project("{FAE04EC0-301F-11D3-BF4B-00C04F79EFBC}") = "05. Special Numbers", "05. Special Numbers\05. Special Numbers.csproj", "{8508A687-2282-4BA9-AD00-7AC7479AE178}"
EndProject
Project("{FAE04EC0-301F-11D3-BF4B-00C04F79EFBC}") = "06. Triples of Letters", "06. Triples of Letters\06. Triples of Letters.csproj", "{6AE3FD4C-41BF-4C7E-A79F-B10BEC8E01D3}"
EndProject
Project("{FAE04EC0-301F-11D3-BF4B-00C04F79EFBC}") = "07. Greeting", "07. Greeting\07. Greeting.csproj", "{8764D851-77B4-4928-95B2-C279ABF66AD4}"
EndProject
Project("{FAE04EC0-301F-11D3-BF4B-00C04F79EFBC}") = "08. Refactor Volume of Pyramid", "08. Refactor Volume of Pyramid\08. Refactor Volume of Pyramid.csproj", "{69C7B748-81B3-4A55-B8A0-C3FC26174562}"
EndProject
Project("{FAE04EC0-301F-11D3-BF4B-00C04F79EFBC}") = "09. Refactor Special Numbers", "09. Refactor Special Numbers\09. Refactor Special Numbers.csproj", "{85A95A0A-6646-4ACA-A881-4323E2B25C2D}"
EndProject
Global
	GlobalSection(SolutionConfigurationPlatforms) = preSolution
		Debug|Any CPU = Debug|Any CPU
		Release|Any CPU = Release|Any CPU
	EndGlobalSection
	GlobalSection(ProjectConfigurationPlatforms) = postSolution
		{2405E1DE-BE6B-4D07-A6E1-416FF092EC86}.Debug|Any CPU.ActiveCfg = Debug|Any CPU
		{2405E1DE-BE6B-4D07-A6E1-416FF092EC86}.Debug|Any CPU.Build.0 = Debug|Any CPU
		{2405E1DE-BE6B-4D07-A6E1-416FF092EC86}.Release|Any CPU.ActiveCfg = Release|Any CPU
		{2405E1DE-BE6B-4D07-A6E1-416FF092EC86}.Release|Any CPU.Build.0 = Release|Any CPU
		{058F4260-6572-4F46-A77E-5C679650522B}.Debug|Any CPU.ActiveCfg = Debug|Any CPU
		{058F4260-6572-4F46-A77E-5C679650522B}.Debug|Any CPU.Build.0 = Debug|Any CPU
		{058F4260-6572-4F46-A77E-5C679650522B}.Release|Any CPU.ActiveCfg = Release|Any CPU
		{058F4260-6572-4F46-A77E-5C679650522B}.Release|Any CPU.Build.0 = Release|Any CPU
		{709FC768-8439-4589-AA13-9F77E79A53AB}.Debug|Any CPU.ActiveCfg = Debug|Any CPU
		{709FC768-8439-4589-AA13-9F77E79A53AB}.Debug|Any CPU.Build.0 = Debug|Any CPU
		{709FC768-8439-4589-AA13-9F77E79A53AB}.Release|Any CPU.ActiveCfg = Release|Any CPU
		{709FC768-8439-4589-AA13-9F77E79A53AB}.Release|Any CPU.Build.0 = Release|Any CPU
		{5E5423E1-1E28-4EF7-A6CC-5EF443A003A0}.Debug|Any CPU.ActiveCfg = Debug|Any CPU
		{5E5423E1-1E28-4EF7-A6CC-5EF443A003A0}.Debug|Any CPU.Build.0 = Debug|Any CPU
		{5E5423E1-1E28-4EF7-A6CC-5EF443A003A0}.Release|Any CPU.ActiveCfg = Release|Any CPU
		{5E5423E1-1E28-4EF7-A6CC-5EF443A003A0}.Release|Any CPU.Build.0 = Release|Any CPU
		{8508A687-2282-4BA9-AD00-7AC7479AE178}.Debug|Any CPU.ActiveCfg = Debug|Any CPU
		{8508A687-2282-4BA9-AD00-7AC7479AE178}.Debug|Any CPU.Build.0 = Debug|Any CPU
		{8508A687-2282-4BA9-AD00-7AC7479AE178}.Release|Any CPU.ActiveCfg = Release|Any CPU
		{8508A687-2282-4BA9-AD00-7AC7479AE178}.Release|Any CPU.Build.0 = Release|Any CPU
		{6AE3FD4C-41BF-4C7E-A79F-B10BEC8E01D3}.Debug|Any CPU.ActiveCfg = Debug|Any CPU
		{6AE3FD4C-41BF-4C7E-A79F-B10BEC8E01D3}.Debug|Any CPU.Build.0 = Debug|Any CPU
		{6AE3FD4C-41BF-4C7E-A79F-B10BEC8E01D3}.Release|Any CPU.ActiveCfg = Release|Any CPU
		{6AE3FD4C-41BF-4C7E-A79F-B10BEC8E01D3}.Release|Any CPU.Build.0 = Release|Any CPU
		{8764D851-77B4-4928-95B2-C279ABF66AD4}.Debug|Any CPU.ActiveCfg = Debug|Any CPU
		{8764D851-77B4-4928-95B2-C279ABF66AD4}.Debug|Any CPU.Build.0 = Debug|Any CPU
		{8764D851-77B4-4928-95B2-C279ABF66AD4}.Release|Any CPU.ActiveCfg = Release|Any CPU
		{8764D851-77B4-4928-95B2-C279ABF66AD4}.Release|Any CPU.Build.0 = Release|Any CPU
		{69C7B748-81B3-4A55-B8A0-C3FC26174562}.Debug|Any CPU.ActiveCfg = Debug|Any CPU
		{69C7B748-81B3-4A55-B8A0-C3FC26174562}.Debug|Any CPU.Build.0 = Debug|Any CPU
		{69C7B748-81B3-4A55-B8A0-C3FC26174562}.Release|Any CPU.ActiveCfg = Release|Any CPU
		{69C7B748-81B3-4A55-B8A0-C3FC26174562}.Release|Any CPU.Build.0 = Release|Any CPU
		{85A95A0A-6646-4ACA-A881-4323E2B25C2D}.Debug|Any CPU.ActiveCfg = Debug|Any CPU
		{85A95A0A-6646-4ACA-A881-4323E2B25C2D}.Debug|Any CPU.Build.0 = Debug|Any CPU
		{85A95A0A-6646-4ACA-A881-4323E2B25C2D}.Release|Any CPU.ActiveCfg = Release|Any CPU
		{85A95A0A-6646-4ACA-A881-4323E2B25C2D}.Release|Any CPU.Build.0 = Release|Any CPU
	EndGlobalSection
	GlobalSection(SolutionProperties) = preSolution
		HideSolutionNode = FALSE
	EndGlobalSection
EndGlobal
